// !$*UTF8*$!
{
	archiveVersion = 1;
	classes = {
	};
	objectVersion = 46;
	objects = {

/* Begin PBXBuildFile section */
		A8E6AF961C892AA400EE3AAF /* main.m in Sources */ = {isa = PBXBuildFile; fileRef = A8E6AF951C892AA400EE3AAF /* main.m */; };
		A8E6AF991C892AA400EE3AAF /* AppDelegate.m in Sources */ = {isa = PBXBuildFile; fileRef = A8E6AF981C892AA400EE3AAF /* AppDelegate.m */; };
		A8E6AF9C1C892AA400EE3AAF /* ViewController.m in Sources */ = {isa = PBXBuildFile; fileRef = A8E6AF9B1C892AA400EE3AAF /* ViewController.m */; };
		A8E6AF9F1C892AA400EE3AAF /* Main.storyboard in Resources */ = {isa = PBXBuildFile; fileRef = A8E6AF9D1C892AA400EE3AAF /* Main.storyboard */; };
		A8E6AFA11C892AA400EE3AAF /* Assets.xcassets in Resources */ = {isa = PBXBuildFile; fileRef = A8E6AFA01C892AA400EE3AAF /* Assets.xcassets */; };
		A8E6AFA41C892AA400EE3AAF /* LaunchScreen.storyboard in Resources */ = {isa = PBXBuildFile; fileRef = A8E6AFA21C892AA400EE3AAF /* LaunchScreen.storyboard */; };
		A8E6AFAF1C892AA400EE3AAF /* LighterViewControllersDemoTests.m in Sources */ = {isa = PBXBuildFile; fileRef = A8E6AFAE1C892AA400EE3AAF /* LighterViewControllersDemoTests.m */; };
		A8E6AFBA1C892AA400EE3AAF /* LighterViewControllersDemoUITests.m in Sources */ = {isa = PBXBuildFile; fileRef = A8E6AFB91C892AA400EE3AAF /* LighterViewControllersDemoUITests.m */; };
		A8E6AFCB1C892AD500EE3AAF /* RankModel.m in Sources */ = {isa = PBXBuildFile; fileRef = A8E6AFC81C892AD500EE3AAF /* RankModel.m */; };
		A8E6AFCC1C892AD500EE3AAF /* DataModel.m in Sources */ = {isa = PBXBuildFile; fileRef = A8E6AFCA1C892AD500EE3AAF /* DataModel.m */; };
		A8E6AFD31C892ADF00EE3AAF /* RankHistoryTableView.m in Sources */ = {isa = PBXBuildFile; fileRef = A8E6AFCE1C892ADF00EE3AAF /* RankHistoryTableView.m */; };
		A8E6AFD41C892ADF00EE3AAF /* RankHistoryCell.m in Sources */ = {isa = PBXBuildFile; fileRef = A8E6AFD01C892ADF00EE3AAF /* RankHistoryCell.m */; };
		A8E6AFD51C892ADF00EE3AAF /* RankHeaderView.m in Sources */ = {isa = PBXBuildFile; fileRef = A8E6AFD21C892ADF00EE3AAF /* RankHeaderView.m */; };
		A8E6AFD71C892EC900EE3AAF /* setGame.plist in Resources */ = {isa = PBXBuildFile; fileRef = A8E6AFD61C892EC900EE3AAF /* setGame.plist */; };
		A8E6AFDF1C89398800EE3AAF /* SetGameStarRateView.m in Sources */ = {isa = PBXBuildFile; fileRef = A8E6AFDE1C89398800EE3AAF /* SetGameStarRateView.m */; };
		A8E6AFE21C893B3F00EE3AAF /* ContentView.m in Sources */ = {isa = PBXBuildFile; fileRef = A8E6AFE11C893B3F00EE3AAF /* ContentView.m */; };
/* End PBXBuildFile section */

/* Begin PBXContainerItemProxy section */
		A8E6AFAB1C892AA400EE3AAF /* PBXContainerItemProxy */ = {
			isa = PBXContainerItemProxy;
			containerPortal = A8E6AF891C892AA400EE3AAF /* Project object */;
			proxyType = 1;
			remoteGlobalIDString = A8E6AF901C892AA400EE3AAF;
			remoteInfo = LighterViewControllersDemo;
		};
		A8E6AFB61C892AA400EE3AAF /* PBXContainerItemProxy */ = {
			isa = PBXContainerItemProxy;
			containerPortal = A8E6AF891C892AA400EE3AAF /* Project object */;
			proxyType = 1;
			remoteGlobalIDString = A8E6AF901C892AA400EE3AAF;
			remoteInfo = LighterViewControllersDemo;
		};
/* End PBXContainerItemProxy section */

/* Begin PBXFileReference section */
		A8E6AF911C892AA400EE3AAF /* LighterViewControllersDemo.app */ = {isa = PBXFileReference; explicitFileType = wrapper.application; includeInIndex = 0; path = LighterViewControllersDemo.app; sourceTree = BUILT_PRODUCTS_DIR; };
		A8E6AF951C892AA400EE3AAF /* main.m */ = {isa = PBXFileReference; lastKnownFileType = sourcecode.c.objc; path = main.m; sourceTree = "<group>"; };
		A8E6AF971C892AA400EE3AAF /* AppDelegate.h */ = {isa = PBXFileReference; lastKnownFileType = sourcecode.c.h; path = AppDelegate.h; sourceTree = "<group>"; };
		A8E6AF981C892AA400EE3AAF /* AppDelegate.m */ = {isa = PBXFileReference; lastKnownFileType = sourcecode.c.objc; path = AppDelegate.m; sourceTree = "<group>"; };
		A8E6AF9A1C892AA400EE3AAF /* ViewController.h */ = {isa = PBXFileReference; lastKnownFileType = sourcecode.c.h; path = ViewController.h; sourceTree = "<group>"; };
		A8E6AF9B1C892AA400EE3AAF /* ViewController.m */ = {isa = PBXFileReference; lastKnownFileType = sourcecode.c.objc; path = ViewController.m; sourceTree = "<group>"; };
		A8E6AF9E1C892AA400EE3AAF /* Base */ = {isa = PBXFileReference; lastKnownFileType = file.storyboard; name = Base; path = Base.lproj/Main.storyboard; sourceTree = "<group>"; };
		A8E6AFA01C892AA400EE3AAF /* Assets.xcassets */ = {isa = PBXFileReference; lastKnownFileType = folder.assetcatalog; path = Assets.xcassets; sourceTree = "<group>"; };
		A8E6AFA31C892AA400EE3AAF /* Base */ = {isa = PBXFileReference; lastKnownFileType = file.storyboard; name = Base; path = Base.lproj/LaunchScreen.storyboard; sourceTree = "<group>"; };
		A8E6AFA51C892AA400EE3AAF /* Info.plist */ = {isa = PBXFileReference; lastKnownFileType = text.plist.xml; path = Info.plist; sourceTree = "<group>"; };
		A8E6AFAA1C892AA400EE3AAF /* LighterViewControllersDemoTests.xctest */ = {isa = PBXFileReference; explicitFileType = wrapper.cfbundle; includeInIndex = 0; path = LighterViewControllersDemoTests.xctest; sourceTree = BUILT_PRODUCTS_DIR; };
		A8E6AFAE1C892AA400EE3AAF /* LighterViewControllersDemoTests.m */ = {isa = PBXFileReference; lastKnownFileType = sourcecode.c.objc; path = LighterViewControllersDemoTests.m; sourceTree = "<group>"; };
		A8E6AFB01C892AA400EE3AAF /* Info.plist */ = {isa = PBXFileReference; lastKnownFileType = text.plist.xml; path = Info.plist; sourceTree = "<group>"; };
		A8E6AFB51C892AA400EE3AAF /* LighterViewControllersDemoUITests.xctest */ = {isa = PBXFileReference; explicitFileType = wrapper.cfbundle; includeInIndex = 0; path = LighterViewControllersDemoUITests.xctest; sourceTree = BUILT_PRODUCTS_DIR; };
		A8E6AFB91C892AA400EE3AAF /* LighterViewControllersDemoUITests.m */ = {isa = PBXFileReference; lastKnownFileType = sourcecode.c.objc; path = LighterViewControllersDemoUITests.m; sourceTree = "<group>"; };
		A8E6AFBB1C892AA400EE3AAF /* Info.plist */ = {isa = PBXFileReference; lastKnownFileType = text.plist.xml; path = Info.plist; sourceTree = "<group>"; };
		A8E6AFC71C892AD500EE3AAF /* RankModel.h */ = {isa = PBXFileReference; fileEncoding = 4; lastKnownFileType = sourcecode.c.h; path = RankModel.h; sourceTree = "<group>"; };
		A8E6AFC81C892AD500EE3AAF /* RankModel.m */ = {isa = PBXFileReference; fileEncoding = 4; lastKnownFileType = sourcecode.c.objc; path = RankModel.m; sourceTree = "<group>"; };
		A8E6AFC91C892AD500EE3AAF /* DataModel.h */ = {isa = PBXFileReference; fileEncoding = 4; lastKnownFileType = sourcecode.c.h; path = DataModel.h; sourceTree = "<group>"; };
		A8E6AFCA1C892AD500EE3AAF /* DataModel.m */ = {isa = PBXFileReference; fileEncoding = 4; lastKnownFileType = sourcecode.c.objc; path = DataModel.m; sourceTree = "<group>"; };
		A8E6AFCD1C892ADF00EE3AAF /* RankHistoryTableView.h */ = {isa = PBXFileReference; fileEncoding = 4; lastKnownFileType = sourcecode.c.h; path = RankHistoryTableView.h; sourceTree = "<group>"; };
		A8E6AFCE1C892ADF00EE3AAF /* RankHistoryTableView.m */ = {isa = PBXFileReference; fileEncoding = 4; lastKnownFileType = sourcecode.c.objc; path = RankHistoryTableView.m; sourceTree = "<group>"; };
		A8E6AFCF1C892ADF00EE3AAF /* RankHistoryCell.h */ = {isa = PBXFileReference; fileEncoding = 4; lastKnownFileType = sourcecode.c.h; path = RankHistoryCell.h; sourceTree = "<group>"; };
		A8E6AFD01C892ADF00EE3AAF /* RankHistoryCell.m */ = {isa = PBXFileReference; fileEncoding = 4; lastKnownFileType = sourcecode.c.objc; path = RankHistoryCell.m; sourceTree = "<group>"; };
		A8E6AFD11C892ADF00EE3AAF /* RankHeaderView.h */ = {isa = PBXFileReference; fileEncoding = 4; lastKnownFileType = sourcecode.c.h; path = RankHeaderView.h; sourceTree = "<group>"; };
		A8E6AFD21C892ADF00EE3AAF /* RankHeaderView.m */ = {isa = PBXFileReference; fileEncoding = 4; lastKnownFileType = sourcecode.c.objc; path = RankHeaderView.m; sourceTree = "<group>"; };
		A8E6AFD61C892EC900EE3AAF /* setGame.plist */ = {isa = PBXFileReference; lastKnownFileType = file.bplist; path = setGame.plist; sourceTree = "<group>"; };
		A8E6AFDD1C89398800EE3AAF /* SetGameStarRateView.h */ = {isa = PBXFileReference; fileEncoding = 4; lastKnownFileType = sourcecode.c.h; path = SetGameStarRateView.h; sourceTree = "<group>"; };
		A8E6AFDE1C89398800EE3AAF /* SetGameStarRateView.m */ = {isa = PBXFileReference; fileEncoding = 4; lastKnownFileType = sourcecode.c.objc; path = SetGameStarRateView.m; sourceTree = "<group>"; };
		A8E6AFE01C893B3F00EE3AAF /* ContentView.h */ = {isa = PBXFileReference; fileEncoding = 4; lastKnownFileType = sourcecode.c.h; path = ContentView.h; sourceTree = "<group>"; };
		A8E6AFE11C893B3F00EE3AAF /* ContentView.m */ = {isa = PBXFileReference; fileEncoding = 4; lastKnownFileType = sourcecode.c.objc; path = ContentView.m; sourceTree = "<group>"; };
/* End PBXFileReference section */

/* Begin PBXFrameworksBuildPhase section */
		A8E6AF8E1C892AA400EE3AAF /* Frameworks */ = {
			isa = PBXFrameworksBuildPhase;
			buildActionMask = 2147483647;
			files = (
			);
			runOnlyForDeploymentPostprocessing = 0;
		};
		A8E6AFA71C892AA400EE3AAF /* Frameworks */ = {
			isa = PBXFrameworksBuildPhase;
			buildActionMask = 2147483647;
			files = (
			);
			runOnlyForDeploymentPostprocessing = 0;
		};
		A8E6AFB21C892AA400EE3AAF /* Frameworks */ = {
			isa = PBXFrameworksBuildPhase;
			buildActionMask = 2147483647;
			files = (
			);
			runOnlyForDeploymentPostprocessing = 0;
		};
/* End PBXFrameworksBuildPhase section */

/* Begin PBXGroup section */
		A8E6AF881C892AA400EE3AAF = {
			isa = PBXGroup;
			children = (
				A8E6AF931C892AA400EE3AAF /* LighterViewControllersDemo */,
				A8E6AFAD1C892AA400EE3AAF /* LighterViewControllersDemoTests */,
				A8E6AFB81C892AA400EE3AAF /* LighterViewControllersDemoUITests */,
				A8E6AF921C892AA400EE3AAF /* Products */,
			);
			sourceTree = "<group>";
		};
		A8E6AF921C892AA400EE3AAF /* Products */ = {
			isa = PBXGroup;
			children = (
				A8E6AF911C892AA400EE3AAF /* LighterViewControllersDemo.app */,
				A8E6AFAA1C892AA400EE3AAF /* LighterViewControllersDemoTests.xctest */,
				A8E6AFB51C892AA400EE3AAF /* LighterViewControllersDemoUITests.xctest */,
			);
			name = Products;
			sourceTree = "<group>";
		};
		A8E6AF931C892AA400EE3AAF /* LighterViewControllersDemo */ = {
			isa = PBXGroup;
			children = (
				A8E6AFDB1C892EFA00EE3AAF /* Classes */,
				A8E6AF9D1C892AA400EE3AAF /* Main.storyboard */,
				A8E6AFA01C892AA400EE3AAF /* Assets.xcassets */,
				A8E6AFA21C892AA400EE3AAF /* LaunchScreen.storyboard */,
				A8E6AFA51C892AA400EE3AAF /* Info.plist */,
				A8E6AF941C892AA400EE3AAF /* Supporting Files */,
			);
			path = LighterViewControllersDemo;
			sourceTree = "<group>";
		};
		A8E6AF941C892AA400EE3AAF /* Supporting Files */ = {
			isa = PBXGroup;
			children = (
				A8E6AF951C892AA400EE3AAF /* main.m */,
			);
			name = "Supporting Files";
			sourceTree = "<group>";
		};
		A8E6AFAD1C892AA400EE3AAF /* LighterViewControllersDemoTests */ = {
			isa = PBXGroup;
			children = (
				A8E6AFAE1C892AA400EE3AAF /* LighterViewControllersDemoTests.m */,
				A8E6AFB01C892AA400EE3AAF /* Info.plist */,
			);
			path = LighterViewControllersDemoTests;
			sourceTree = "<group>";
		};
		A8E6AFB81C892AA400EE3AAF /* LighterViewControllersDemoUITests */ = {
			isa = PBXGroup;
			children = (
				A8E6AFB91C892AA400EE3AAF /* LighterViewControllersDemoUITests.m */,
				A8E6AFBB1C892AA400EE3AAF /* Info.plist */,
			);
			path = LighterViewControllersDemoUITests;
			sourceTree = "<group>";
		};
		A8E6AFD81C892EDC00EE3AAF /* Controller */ = {
			isa = PBXGroup;
			children = (
				A8E6AF9A1C892AA400EE3AAF /* ViewController.h */,
				A8E6AF9B1C892AA400EE3AAF /* ViewController.m */,
				A8E6AFE01C893B3F00EE3AAF /* ContentView.h */,
				A8E6AFE11C893B3F00EE3AAF /* ContentView.m */,
				A8E6AFCD1C892ADF00EE3AAF /* RankHistoryTableView.h */,
				A8E6AFCE1C892ADF00EE3AAF /* RankHistoryTableView.m */,
			);
			name = Controller;
			sourceTree = "<group>";
		};
		A8E6AFD91C892EEE00EE3AAF /* View */ = {
			isa = PBXGroup;
			children = (
				A8E6AFDD1C89398800EE3AAF /* SetGameStarRateView.h */,
				A8E6AFDE1C89398800EE3AAF /* SetGameStarRateView.m */,
				A8E6AFCF1C892ADF00EE3AAF /* RankHistoryCell.h */,
				A8E6AFD01C892ADF00EE3AAF /* RankHistoryCell.m */,
				A8E6AFD11C892ADF00EE3AAF /* RankHeaderView.h */,
				A8E6AFD21C892ADF00EE3AAF /* RankHeaderView.m */,
			);
			name = View;
			sourceTree = "<group>";
		};
		A8E6AFDA1C892EF500EE3AAF /* Model */ = {
			isa = PBXGroup;
			children = (
				A8E6AFC71C892AD500EE3AAF /* RankModel.h */,
				A8E6AFC81C892AD500EE3AAF /* RankModel.m */,
				A8E6AFC91C892AD500EE3AAF /* DataModel.h */,
				A8E6AFCA1C892AD500EE3AAF /* DataModel.m */,
			);
			name = Model;
			sourceTree = "<group>";
		};
		A8E6AFDB1C892EFA00EE3AAF /* Classes */ = {
			isa = PBXGroup;
			children = (
				A8E6AFDC1C892F0F00EE3AAF /* others */,
				A8E6AFDA1C892EF500EE3AAF /* Model */,
				A8E6AFD91C892EEE00EE3AAF /* View */,
				A8E6AFD81C892EDC00EE3AAF /* Controller */,
			);
			name = Classes;
			sourceTree = "<group>";
		};
		A8E6AFDC1C892F0F00EE3AAF /* others */ = {
			isa = PBXGroup;
			children = (
				A8E6AFD61C892EC900EE3AAF /* setGame.plist */,
				A8E6AF971C892AA400EE3AAF /* AppDelegate.h */,
				A8E6AF981C892AA400EE3AAF /* AppDelegate.m */,
			);
			name = others;
			sourceTree = "<group>";
		};
/* End PBXGroup section */

/* Begin PBXNativeTarget section */
		A8E6AF901C892AA400EE3AAF /* LighterViewControllersDemo */ = {
			isa = PBXNativeTarget;
			buildConfigurationList = A8E6AFBE1C892AA400EE3AAF /* Build configuration list for PBXNativeTarget "LighterViewControllersDemo" */;
			buildPhases = (
				A8E6AF8D1C892AA400EE3AAF /* Sources */,
				A8E6AF8E1C892AA400EE3AAF /* Frameworks */,
				A8E6AF8F1C892AA400EE3AAF /* Resources */,
			);
			buildRules = (
			);
			dependencies = (
			);
			name = LighterViewControllersDemo;
			productName = LighterViewControllersDemo;
			productReference = A8E6AF911C892AA400EE3AAF /* LighterViewControllersDemo.app */;
			productType = "com.apple.product-type.application";
		};
		A8E6AFA91C892AA400EE3AAF /* LighterViewControllersDemoTests */ = {
			isa = PBXNativeTarget;
			buildConfigurationList = A8E6AFC11C892AA400EE3AAF /* Build configuration list for PBXNativeTarget "LighterViewControllersDemoTests" */;
			buildPhases = (
				A8E6AFA61C892AA400EE3AAF /* Sources */,
				A8E6AFA71C892AA400EE3AAF /* Frameworks */,
				A8E6AFA81C892AA400EE3AAF /* Resources */,
			);
			buildRules = (
			);
			dependencies = (
				A8E6AFAC1C892AA400EE3AAF /* PBXTargetDependency */,
			);
			name = LighterViewControllersDemoTests;
			productName = LighterViewControllersDemoTests;
			productReference = A8E6AFAA1C892AA400EE3AAF /* LighterViewControllersDemoTests.xctest */;
			productType = "com.apple.product-type.bundle.unit-test";
		};
		A8E6AFB41C892AA400EE3AAF /* LighterViewControllersDemoUITests */ = {
			isa = PBXNativeTarget;
			buildConfigurationList = A8E6AFC41C892AA400EE3AAF /* Build configuration list for PBXNativeTarget "LighterViewControllersDemoUITests" */;
			buildPhases = (
				A8E6AFB11C892AA400EE3AAF /* Sources */,
				A8E6AFB21C892AA400EE3AAF /* Frameworks */,
				A8E6AFB31C892AA400EE3AAF /* Resources */,
			);
			buildRules = (
			);
			dependencies = (
				A8E6AFB71C892AA400EE3AAF /* PBXTargetDependency */,
			);
			name = LighterViewControllersDemoUITests;
			productName = LighterViewControllersDemoUITests;
			productReference = A8E6AFB51C892AA400EE3AAF /* LighterViewControllersDemoUITests.xctest */;
			productType = "com.apple.product-type.bundle.ui-testing";
		};
/* End PBXNativeTarget section */

/* Begin PBXProject section */
		A8E6AF891C892AA400EE3AAF /* Project object */ = {
			isa = PBXProject;
			attributes = {
				LastUpgradeCheck = 0720;
				ORGANIZATIONNAME = shuu;
				TargetAttributes = {
					A8E6AF901C892AA400EE3AAF = {
						CreatedOnToolsVersion = 7.2.1;
					};
					A8E6AFA91C892AA400EE3AAF = {
						CreatedOnToolsVersion = 7.2.1;
						TestTargetID = A8E6AF901C892AA400EE3AAF;
					};
					A8E6AFB41C892AA400EE3AAF = {
						CreatedOnToolsVersion = 7.2.1;
						TestTargetID = A8E6AF901C892AA400EE3AAF;
					};
				};
			};
			buildConfigurationList = A8E6AF8C1C892AA400EE3AAF /* Build configuration list for PBXProject "LighterViewControllersDemo" */;
			compatibilityVersion = "Xcode 3.2";
			developmentRegion = English;
			hasScannedForEncodings = 0;
			knownRegions = (
				en,
				Base,
			);
			mainGroup = A8E6AF881C892AA400EE3AAF;
			productRefGroup = A8E6AF921C892AA400EE3AAF /* Products */;
			projectDirPath = "";
			projectRoot = "";
			targets = (
				A8E6AF901C892AA400EE3AAF /* LighterViewControllersDemo */,
				A8E6AFA91C892AA400EE3AAF /* LighterViewControllersDemoTests */,
				A8E6AFB41C892AA400EE3AAF /* LighterViewControllersDemoUITests */,
			);
		};
/* End PBXProject section */

/* Begin PBXResourcesBuildPhase section */
		A8E6AF8F1C892AA400EE3AAF /* Resources */ = {
			isa = PBXResourcesBuildPhase;
			buildActionMask = 2147483647;
			files = (
				A8E6AFA41C892AA400EE3AAF /* LaunchScreen.storyboard in Resources */,
				A8E6AFD71C892EC900EE3AAF /* setGame.plist in Resources */,
				A8E6AFA11C892AA400EE3AAF /* Assets.xcassets in Resources */,
				A8E6AF9F1C892AA400EE3AAF /* Main.storyboard in Resources */,
			);
			runOnlyForDeploymentPostprocessing = 0;
		};
		A8E6AFA81C892AA400EE3AAF /* Resources */ = {
			isa = PBXResourcesBuildPhase;
			buildActionMask = 2147483647;
			files = (
			);
			runOnlyForDeploymentPostprocessing = 0;
		};
		A8E6AFB31C892AA400EE3AAF /* Resources */ = {
			isa = PBXResourcesBuildPhase;
			buildActionMask = 2147483647;
			files = (
			);
			runOnlyForDeploymentPostprocessing = 0;
		};
/* End PBXResourcesBuildPhase section */

/* Begin PBXSourcesBuildPhase section */
		A8E6AF8D1C892AA400EE3AAF /* Sources */ = {
			isa = PBXSourcesBuildPhase;
			buildActionMask = 2147483647;
			files = (
				A8E6AF9C1C892AA400EE3AAF /* ViewController.m in Sources */,
				A8E6AFDF1C89398800EE3AAF /* SetGameStarRateView.m in Sources */,
				A8E6AFE21C893B3F00EE3AAF /* ContentView.m in Sources */,
				A8E6AFCC1C892AD500EE3AAF /* DataModel.m in Sources */,
				A8E6AF991C892AA400EE3AAF /* AppDelegate.m in Sources */,
				A8E6AFD51C892ADF00EE3AAF /* RankHeaderView.m in Sources */,
				A8E6AF961C892AA400EE3AAF /* main.m in Sources */,
				A8E6AFD41C892ADF00EE3AAF /* RankHistoryCell.m in Sources */,
				A8E6AFD31C892ADF00EE3AAF /* RankHistoryTableView.m in Sources */,
				A8E6AFCB1C892AD500EE3AAF /* RankModel.m in Sources */,
			);
			runOnlyForDeploymentPostprocessing = 0;
		};
		A8E6AFA61C892AA400EE3AAF /* Sources */ = {
			isa = PBXSourcesBuildPhase;
			buildActionMask = 2147483647;
			files = (
				A8E6AFAF1C892AA400EE3AAF /* LighterViewControllersDemoTests.m in Sources */,
			);
			runOnlyForDeploymentPostprocessing = 0;
		};
		A8E6AFB11C892AA400EE3AAF /* Sources */ = {
			isa = PBXSourcesBuildPhase;
			buildActionMask = 2147483647;
			files = (
				A8E6AFBA1C892AA400EE3AAF /* LighterViewControllersDemoUITests.m in Sources */,
			);
			runOnlyForDeploymentPostprocessing = 0;
		};
/* End PBXSourcesBuildPhase section */

/* Begin PBXTargetDependency section */
		A8E6AFAC1C892AA400EE3AAF /* PBXTargetDependency */ = {
			isa = PBXTargetDependency;
			target = A8E6AF901C892AA400EE3AAF /* LighterViewControllersDemo */;
			targetProxy = A8E6AFAB1C892AA400EE3AAF /* PBXContainerItemProxy */;
		};
		A8E6AFB71C892AA400EE3AAF /* PBXTargetDependency */ = {
			isa = PBXTargetDependency;
			target = A8E6AF901C892AA400EE3AAF /* LighterViewControllersDemo */;
			targetProxy = A8E6AFB61C892AA400EE3AAF /* PBXContainerItemProxy */;
		};
/* End PBXTargetDependency section */

/* Begin PBXVariantGroup section */
		A8E6AF9D1C892AA400EE3AAF /* Main.storyboard */ = {
			isa = PBXVariantGroup;
			children = (
				A8E6AF9E1C892AA400EE3AAF /* Base */,
			);
			name = Main.storyboard;
			sourceTree = "<group>";
		};
		A8E6AFA21C892AA400EE3AAF /* LaunchScreen.storyboard */ = {
			isa = PBXVariantGroup;
			children = (
				A8E6AFA31C892AA400EE3AAF /* Base */,
			);
			name = LaunchScreen.storyboard;
			sourceTree = "<group>";
		};
/* End PBXVariantGroup section */

/* Begin XCBuildConfiguration section */
		A8E6AFBC1C892AA400EE3AAF /* Debug */ = {
			isa = XCBuildConfiguration;
			buildSettings = {
				ALWAYS_SEARCH_USER_PATHS = NO;
				CLANG_CXX_LANGUAGE_STANDARD = "gnu++0x";
				CLANG_CXX_LIBRARY = "libc++";
				CLANG_ENABLE_MODULES = YES;
				CLANG_ENABLE_OBJC_ARC = YES;
				CLANG_WARN_BOOL_CONVERSION = YES;
				CLANG_WARN_CONSTANT_CONVERSION = YES;
				CLANG_WARN_DIRECT_OBJC_ISA_USAGE = YES_ERROR;
				CLANG_WARN_EMPTY_BODY = YES;
				CLANG_WARN_ENUM_CONVERSION = YES;
				CLANG_WARN_INT_CONVERSION = YES;
				CLANG_WARN_OBJC_ROOT_CLASS = YES_ERROR;
				CLANG_WARN_UNREACHABLE_CODE = YES;
				CLANG_WARN__DUPLICATE_METHOD_MATCH = YES;
				"CODE_SIGN_IDENTITY[sdk=iphoneos*]" = "iPhone Developer";
				COPY_PHASE_STRIP = NO;
				DEBUG_INFORMATION_FORMAT = dwarf;
				ENABLE_STRICT_OBJC_MSGSEND = YES;
				ENABLE_TESTABILITY = YES;
				GCC_C_LANGUAGE_STANDARD = gnu99;
				GCC_DYNAMIC_NO_PIC = NO;
				GCC_NO_COMMON_BLOCKS = YES;
				GCC_OPTIMIZATION_LEVEL = 0;
				GCC_PREPROCESSOR_DEFINITIONS = (
					"DEBUG=1",
					"$(inherited)",
				);
				GCC_WARN_64_TO_32_BIT_CONVERSION = YES;
				GCC_WARN_ABOUT_RETURN_TYPE = YES_ERROR;
				GCC_WARN_UNDECLARED_SELECTOR = YES;
				GCC_WARN_UNINITIALIZED_AUTOS = YES_AGGRESSIVE;
				GCC_WARN_UNUSED_FUNCTION = YES;
				GCC_WARN_UNUSED_VARIABLE = YES;
				IPHONEOS_DEPLOYMENT_TARGET = 9.2;
				MTL_ENABLE_DEBUG_INFO = YES;
				ONLY_ACTIVE_ARCH = YES;
				SDKROOT = iphoneos;
			};
			name = Debug;
		};
		A8E6AFBD1C892AA400EE3AAF /* Release */ = {
			isa = XCBuildConfiguration;
			buildSettings = {
				ALWAYS_SEARCH_USER_PATHS = NO;
				CLANG_CXX_LANGUAGE_STANDARD = "gnu++0x";
				CLANG_CXX_LIBRARY = "libc++";
				CLANG_ENABLE_MODULES = YES;
				CLANG_ENABLE_OBJC_ARC = YES;
				CLANG_WARN_BOOL_CONVERSION = YES;
				CLANG_WARN_CONSTANT_CONVERSION = YES;
				CLANG_WARN_DIRECT_OBJC_ISA_USAGE = YES_ERROR;
				CLANG_WARN_EMPTY_BODY = YES;
				CLANG_WARN_ENUM_CONVERSION = YES;
				CLANG_WARN_INT_CONVERSION = YES;
				CLANG_WARN_OBJC_ROOT_CLASS = YES_ERROR;
				CLANG_WARN_UNREACHABLE_CODE = YES;
				CLANG_WARN__DUPLICATE_METHOD_MATCH = YES;
				"CODE_SIGN_IDENTITY[sdk=iphoneos*]" = "iPhone Developer";
				COPY_PHASE_STRIP = NO;
				DEBUG_INFORMATION_FORMAT = "dwarf-with-dsym";
				ENABLE_NS_ASSERTIONS = NO;
				ENABLE_STRICT_OBJC_MSGSEND = YES;
				GCC_C_LANGUAGE_STANDARD = gnu99;
				GCC_NO_COMMON_BLOCKS = YES;
				GCC_WARN_64_TO_32_BIT_CONVERSION = YES;
				GCC_WARN_ABOUT_RETURN_TYPE = YES_ERROR;
				GCC_WARN_UNDECLARED_SELECTOR = YES;
				GCC_WARN_UNINITIALIZED_AUTOS = YES_AGGRESSIVE;
				GCC_WARN_UNUSED_FUNCTION = YES;
				GCC_WARN_UNUSED_VARIABLE = YES;
				IPHONEOS_DEPLOYMENT_TARGET = 9.2;
				MTL_ENABLE_DEBUG_INFO = NO;
				SDKROOT = iphoneos;
				VALIDATE_PRODUCT = YES;
			};
			name = Release;
		};
		A8E6AFBF1C892AA400EE3AAF /* Debug */ = {
			isa = XCBuildConfiguration;
			buildSettings = {
				ASSETCATALOG_COMPILER_APPICON_NAME = AppIcon;
				INFOPLIST_FILE = LighterViewControllersDemo/Info.plist;
				LD_RUNPATH_SEARCH_PATHS = "$(inherited) @executable_path/Frameworks";
				PRODUCT_BUNDLE_IDENTIFIER = com.shuu.LighterViewControllersDemo;
				PRODUCT_NAME = "$(TARGET_NAME)";
			};
			name = Debug;
		};
		A8E6AFC01C892AA400EE3AAF /* Release */ = {
			isa = XCBuildConfiguration;
			buildSettings = {
				ASSETCATALOG_COMPILER_APPICON_NAME = AppIcon;
				INFOPLIST_FILE = LighterViewControllersDemo/Info.plist;
				LD_RUNPATH_SEARCH_PATHS = "$(inherited) @executable_path/Frameworks";
				PRODUCT_BUNDLE_IDENTIFIER = com.shuu.LighterViewControllersDemo;
				PRODUCT_NAME = "$(TARGET_NAME)";
			};
			name = Release;
		};
		A8E6AFC21C892AA400EE3AAF /* Debug */ = {
			isa = XCBuildConfiguration;
			buildSettings = {
				BUNDLE_LOADER = "$(TEST_HOST)";
				INFOPLIST_FILE = LighterViewControllersDemoTests/Info.plist;
				LD_RUNPATH_SEARCH_PATHS = "$(inherited) @executable_path/Frameworks @loader_path/Frameworks";
				PRODUCT_BUNDLE_IDENTIFIER = com.shuu.LighterViewControllersDemoTests;
				PRODUCT_NAME = "$(TARGET_NAME)";
				TEST_HOST = "$(BUILT_PRODUCTS_DIR)/LighterViewControllersDemo.app/LighterViewControllersDemo";
			};
			name = Debug;
		};
		A8E6AFC31C892AA400EE3AAF /* Release */ = {
			isa = XCBuildConfiguration;
			buildSettings = {
				BUNDLE_LOADER = "$(TEST_HOST)";
				INFOPLIST_FILE = LighterViewControllersDemoTests/Info.plist;
				LD_RUNPATH_SEARCH_PATHS = "$(inherited) @executable_path/Frameworks @loader_path/Frameworks";
				PRODUCT_BUNDLE_IDENTIFIER = com.shuu.LighterViewControllersDemoTests;
				PRODUCT_NAME = "$(TARGET_NAME)";
				TEST_HOST = "$(BUILT_PRODUCTS_DIR)/LighterViewControllersDemo.app/LighterViewControllersDemo";
			};
			name = Release;
		};
		A8E6AFC51C892AA400EE3AAF /* Debug */ = {
			isa = XCBuildConfiguration;
			buildSettings = {
				INFOPLIST_FILE = LighterViewControllersDemoUITests/Info.plist;
				LD_RUNPATH_SEARCH_PATHS = "$(inherited) @executable_path/Frameworks @loader_path/Frameworks";
				PRODUCT_BUNDLE_IDENTIFIER = com.shuu.LighterViewControllersDemoUITests;
				PRODUCT_NAME = "$(TARGET_NAME)";
				TEST_TARGET_NAME = LighterViewControllersDemo;
				USES_XCTRUNNER = YES;
			};
			name = Debug;
		};
		A8E6AFC61C892AA400EE3AAF /* Release */ = {
			isa = XCBuildConfiguration;
			buildSettings = {
				INFOPLIST_FILE = LighterViewControllersDemoUITests/Info.plist;
				LD_RUNPATH_SEARCH_PATHS = "$(inherited) @executable_path/Frameworks @loader_path/Frameworks";
				PRODUCT_BUNDLE_IDENTIFIER = com.shuu.LighterViewControllersDemoUITests;
				PRODUCT_NAME = "$(TARGET_NAME)";
				TEST_TARGET_NAME = LighterViewControllersDemo;
				USES_XCTRUNNER = YES;
			};
			name = Release;
		};
/* End XCBuildConfiguration section */

/* Begin XCConfigurationList section */
		A8E6AF8C1C892AA400EE3AAF /* Build configuration list for PBXProject "LighterViewControllersDemo" */ = {
			isa = XCConfigurationList;
			buildConfigurations = (
				A8E6AFBC1C892AA400EE3AAF /* Debug */,
				A8E6AFBD1C892AA400EE3AAF /* Release */,
			);
			defaultConfigurationIsVisible = 0;
			defaultConfigurationName = Release;
		};
		A8E6AFBE1C892AA400EE3AAF /* Build configuration list for PBXNativeTarget "LighterViewControllersDemo" */ = {
			isa = XCConfigurationList;
			buildConfigurations = (
				A8E6AFBF1C892AA400EE3AAF /* Debug */,
				A8E6AFC01C892AA400EE3AAF /* Release */,
			);
			defaultConfigurationIsVisible = 0;
		};
		A8E6AFC11C892AA400EE3AAF /* Build configuration list for PBXNativeTarget "LighterViewControllersDemoTests" */ = {
			isa = XCConfigurationList;
			buildConfigurations = (
				A8E6AFC21C892AA400EE3AAF /* Debug */,
				A8E6AFC31C892AA400EE3AAF /* Release */,
			);
			defaultConfigurationIsVisible = 0;
		};
		A8E6AFC41C892AA400EE3AAF /* Build configuration list for PBXNativeTarget "LighterViewControllersDemoUITests" */ = {
			isa = XCConfigurationList;
			buildConfigurations = (
				A8E6AFC51C892AA400EE3AAF /* Debug */,
				A8E6AFC61C892AA400EE3AAF /* Release */,
			);
			defaultConfigurationIsVisible = 0;
		};
/* End XCConfigurationList section */
	};
	rootObject = A8E6AF891C892AA400EE3AAF /* Project object */;
}
